
Microsoft Visual Studio Solution File, Format Version 12.00
# Visual Studio Version 17
VisualStudioVersion = 17.4.33213.308
MinimumVisualStudioVersion = 10.0.40219.1
Project("{FAE04EC0-301F-11D3-BF4B-00C04F79EFBC}") = "Software Baas WFA Portfolio", "Software Baas WFA Portfolio.csproj", "{1AD09B1A-38DA-4CC9-8203-6FFC194DC47B}"
EndProject
Global
	GlobalSection(SolutionConfigurationPlatforms) = preSolution
		Debug|Any CPU = Debug|Any CPU
		Release|Any CPU = Release|Any CPU
	EndGlobalSection
	GlobalSection(ProjectConfigurationPlatforms) = postSolution
		{1AD09B1A-38DA-4CC9-8203-6FFC194DC47B}.Debug|Any CPU.ActiveCfg = Debug|Any CPU
		{1AD09B1A-38DA-4CC9-8203-6FFC194DC47B}.Debug|Any CPU.Build.0 = Debug|Any CPU
		{1AD09B1A-38DA-4CC9-8203-6FFC194DC47B}.Release|Any CPU.ActiveCfg = Release|Any CPU
		{1AD09B1A-38DA-4CC9-8203-6FFC194DC47B}.Release|Any CPU.Build.0 = Release|Any CPU
	EndGlobalSection
	GlobalSection(SolutionProperties) = preSolution
		HideSolutionNode = FALSE
	EndGlobalSection
	GlobalSection(ExtensibilityGlobals) = postSolution
		SolutionGuid = {8A690EB7-F2F0-46B2-A409-6ED8197EC27B}
	EndGlobalSection
EndGlobal
