
Microsoft Visual Studio Solution File, Format Version 12.00
# Visual Studio Version 17
VisualStudioVersion = 17.4.33213.308
MinimumVisualStudioVersion = 10.0.40219.1
Project("{FAE04EC0-301F-11D3-BF4B-00C04F79EFBC}") = "Binckes Bakfiets Console App V2 Portfolio", "Binckes Bakfiets Console App V2 Portfolio.csproj", "{28714F0C-81C4-460E-A25F-401E75D6A264}"
EndProject
Global
	GlobalSection(SolutionConfigurationPlatforms) = preSolution
		Debug|Any CPU = Debug|Any CPU
		Release|Any CPU = Release|Any CPU
	EndGlobalSection
	GlobalSection(ProjectConfigurationPlatforms) = postSolution
		{28714F0C-81C4-460E-A25F-401E75D6A264}.Debug|Any CPU.ActiveCfg = Debug|Any CPU
		{28714F0C-81C4-460E-A25F-401E75D6A264}.Debug|Any CPU.Build.0 = Debug|Any CPU
		{28714F0C-81C4-460E-A25F-401E75D6A264}.Release|Any CPU.ActiveCfg = Release|Any CPU
		{28714F0C-81C4-460E-A25F-401E75D6A264}.Release|Any CPU.Build.0 = Release|Any CPU
	EndGlobalSection
	GlobalSection(SolutionProperties) = preSolution
		HideSolutionNode = FALSE
	EndGlobalSection
	GlobalSection(ExtensibilityGlobals) = postSolution
		SolutionGuid = {61114B1C-5D2F-466D-888E-C40F991B5A5B}
	EndGlobalSection
EndGlobal
