
Microsoft Visual Studio Solution File, Format Version 12.00
# Visual Studio Version 17
VisualStudioVersion = 17.3.32922.545
MinimumVisualStudioVersion = 10.0.40219.1
Project("{FAE04EC0-301F-11D3-BF4B-00C04F79EFBC}") = "Student Admin Portfolio", "Student Admin Portfolio.csproj", "{171E33F7-B97A-4479-9ED7-3669068A1053}"
EndProject
Global
	GlobalSection(SolutionConfigurationPlatforms) = preSolution
		Debug|Any CPU = Debug|Any CPU
		Release|Any CPU = Release|Any CPU
	EndGlobalSection
	GlobalSection(ProjectConfigurationPlatforms) = postSolution
		{171E33F7-B97A-4479-9ED7-3669068A1053}.Debug|Any CPU.ActiveCfg = Debug|Any CPU
		{171E33F7-B97A-4479-9ED7-3669068A1053}.Debug|Any CPU.Build.0 = Debug|Any CPU
		{171E33F7-B97A-4479-9ED7-3669068A1053}.Release|Any CPU.ActiveCfg = Release|Any CPU
		{171E33F7-B97A-4479-9ED7-3669068A1053}.Release|Any CPU.Build.0 = Release|Any CPU
	EndGlobalSection
	GlobalSection(SolutionProperties) = preSolution
		HideSolutionNode = FALSE
	EndGlobalSection
	GlobalSection(ExtensibilityGlobals) = postSolution
		SolutionGuid = {31A3FA12-22AB-4A40-9652-2DE3D24067DA}
	EndGlobalSection
EndGlobal
