
Microsoft Visual Studio Solution File, Format Version 12.00
# Visual Studio Version 17
VisualStudioVersion = 17.6.33829.357
MinimumVisualStudioVersion = 10.0.40219.1
Project("{FAE04EC0-301F-11D3-BF4B-00C04F79EFBC}") = "WinFormsApp1 - Training - List - Ticketmeester", "WinFormsApp1 - Training - List - Ticketmeester.csproj", "{4E970064-1106-4FAC-A590-A387C90A974B}"
EndProject
Global
	GlobalSection(SolutionConfigurationPlatforms) = preSolution
		Debug|Any CPU = Debug|Any CPU
		Release|Any CPU = Release|Any CPU
	EndGlobalSection
	GlobalSection(ProjectConfigurationPlatforms) = postSolution
		{4E970064-1106-4FAC-A590-A387C90A974B}.Debug|Any CPU.ActiveCfg = Debug|Any CPU
		{4E970064-1106-4FAC-A590-A387C90A974B}.Debug|Any CPU.Build.0 = Debug|Any CPU
		{4E970064-1106-4FAC-A590-A387C90A974B}.Release|Any CPU.ActiveCfg = Release|Any CPU
		{4E970064-1106-4FAC-A590-A387C90A974B}.Release|Any CPU.Build.0 = Release|Any CPU
	EndGlobalSection
	GlobalSection(SolutionProperties) = preSolution
		HideSolutionNode = FALSE
	EndGlobalSection
	GlobalSection(ExtensibilityGlobals) = postSolution
		SolutionGuid = {B93FBD8F-8757-465E-9AEA-2C1525C12416}
	EndGlobalSection
EndGlobal
